<?xml version="1.0" encoding="utf-8"?>
<Project ToolsVersion="4.0" xmlns="http://schemas.microsoft.com/developer/msbuild/2003">
  <ItemGroup>
    <Filter Include="Source Files">
      <UniqueIdentifier>{4FC737F1-C7A5-4376-A066-2A32D752A2FF}</UniqueIdentifier>
      <Extensions>cpp;c;cc;cxx;def;odl;idl;hpj;bat;asm;asmx</Extensions>
    </Filter>
    <Filter Include="Header Files">
      <UniqueIdentifier>{93995380-89BD-4b04-88EB-625FBE52EBFB}</UniqueIdentifier>
      <Extensions>h;hh;hpp;hxx;hm;inl;inc;xsd</Extensions>
    </Filter>
    <Filter Include="Resource Files">
      <UniqueIdentifier>{67DA6AB6-F800-4c08-8B7A-83BB121AAD01}</UniqueIdentifier>
      <Extensions>rc;ico;cur;bmp;dlg;rc2;rct;bin;rgs;gif;jpg;jpeg;jpe;resx;tiff;tif;png;wav;mfcribbon-ms</Extensions>
    </Filter>
  </ItemGroup>
  <ItemGroup>
    <ClCompile Include="main.cpp">
      <Filter>Source Files</Filter>
    </ClCompile>
    <ClCompile Include="backbuffer.cpp">
      <Filter>Source Files</Filter>
    </ClCompile>
    <ClCompile Include="background.cpp">
      <Filter>Source Files</Filter>
    </ClCompile>
    <ClCompile Include="clock.cpp">
      <Filter>Source Files</Filter>
    </ClCompile>
    <ClCompile Include="entity.cpp">
      <Filter>Source Files</Filter>
    </ClCompile>
    <ClCompile Include="framecounter.cpp">
      <Filter>Source Files</Filter>
    </ClCompile>
    <ClCompile Include="game.cpp">
      <Filter>Source Files</Filter>
    </ClCompile>
    <ClCompile Include="level.cpp">
      <Filter>Source Files</Filter>
    </ClCompile>
    <ClCompile Include="sprite.cpp">
      <Filter>Source Files</Filter>
    </ClCompile>
    <ClCompile Include="bullet.cpp">
      <Filter>Source Files</Filter>
    </ClCompile>
    <ClCompile Include="enemy.cpp">
      <Filter>Source Files</Filter>
    </ClCompile>
    <ClCompile Include="player.cpp">
      <Filter>Source Files</Filter>
    </ClCompile>
    <ClCompile Include="EnemyBullet.cpp">
      <Filter>Source Files</Filter>
    </ClCompile>
    <ClCompile Include="mainmenu.cpp">
      <Filter>Source Files</Filter>
    </ClCompile>
    <ClCompile Include="mothership.cpp">
      <Filter>Source Files</Filter>
    </ClCompile>
    <ClCompile Include="MediumInvader.cpp">
      <Filter>Source Files</Filter>
    </ClCompile>
    <ClCompile Include="BigInvader.cpp">
      <Filter>Source Files</Filter>
    </ClCompile>
    <ClCompile Include="AnimatedSprite.cpp">
      <Filter>Source Files</Filter>
    </ClCompile>
    <ClCompile Include="Explosion.cpp">
      <Filter>Source Files</Filter>
    </ClCompile>
    <ClCompile Include="barrierblock.cpp">
      <Filter>Source Files</Filter>
    </ClCompile>
    <ClCompile Include="LifeCount.cpp">
      <Filter>Source Files</Filter>
    </ClCompile>
    <ClCompile Include="menubutton.cpp">
      <Filter>Source Files</Filter>
    </ClCompile>
    <ClCompile Include="clouds.cpp">
      <Filter>Source Files</Filter>
    </ClCompile>
    <ClCompile Include="highscoremenu.cpp">
      <Filter>Source Files</Filter>
    </ClCompile>
    <ClCompile Include="SmallInvader.cpp">
      <Filter>Source Files</Filter>
    </ClCompile>
  </ItemGroup>
  <ItemGroup>
    <ClInclude Include="utils.h">
      <Filter>Header Files</Filter>
    </ClInclude>
    <ClInclude Include="sprite.h">
      <Filter>Header Files</Filter>
    </ClInclude>
    <ClInclude Include="resource.h">
      <Filter>Header Files</Filter>
    </ClInclude>
    <ClInclude Include="level.h">
      <Filter>Header Files</Filter>
    </ClInclude>
    <ClInclude Include="game.h">
      <Filter>Header Files</Filter>
    </ClInclude>
    <ClInclude Include="framecounter.h">
      <Filter>Header Files</Filter>
    </ClInclude>
    <ClInclude Include="entity.h">
      <Filter>Header Files</Filter>
    </ClInclude>
    <ClInclude Include="clock.h">
      <Filter>Header Files</Filter>
    </ClInclude>
    <ClInclude Include="background.h">
      <Filter>Header Files</Filter>
    </ClInclude>
    <ClInclude Include="backbuffer.h">
      <Filter>Header Files</Filter>
    </ClInclude>
    <ClInclude Include="bullet.h">
      <Filter>Header Files</Filter>
    </ClInclude>
    <ClInclude Include="enemy.h">
      <Filter>Header Files</Filter>
    </ClInclude>
    <ClInclude Include="player.h">
      <Filter>Header Files</Filter>
    </ClInclude>
    <ClInclude Include="EnemyBullet.h">
      <Filter>Header Files</Filter>
    </ClInclude>
    <ClInclude Include="mainmenu.h">
      <Filter>Header Files</Filter>
    </ClInclude>
    <ClInclude Include="mothership.h">
      <Filter>Header Files</Filter>
    </ClInclude>
    <ClInclude Include="MediumInvader.h">
      <Filter>Header Files</Filter>
    </ClInclude>
    <ClInclude Include="BigInvader.h">
      <Filter>Header Files</Filter>
    </ClInclude>
    <ClInclude Include="AnimatedSprite.h">
      <Filter>Header Files</Filter>
    </ClInclude>
    <ClInclude Include="Explosion.h">
      <Filter>Header Files</Filter>
    </ClInclude>
    <ClInclude Include="barrierblock.h">
      <Filter>Header Files</Filter>
    </ClInclude>
    <ClInclude Include="LifeCount.h">
      <Filter>Header Files</Filter>
    </ClInclude>
    <ClInclude Include="menubutton.h">
      <Filter>Header Files</Filter>
    </ClInclude>
    <ClInclude Include="clouds.h">
      <Filter>Header Files</Filter>
    </ClInclude>
    <ClInclude Include="highscoremenu.h">
      <Filter>Header Files</Filter>
    </ClInclude>
    <ClInclude Include="SmallInvader.h">
      <Filter>Header Files</Filter>
    </ClInclude>
  </ItemGroup>
  <ItemGroup>
    <ResourceCompile Include="Breakout.rc">
      <Filter>Resource Files</Filter>
    </ResourceCompile>
  </ItemGroup>
  <ItemGroup>
    <Image Include="Sprites\Background.bmp">
      <Filter>Resource Files</Filter>
    </Image>
    <Image Include="Sprites\BackgroundMask.bmp">
      <Filter>Resource Files</Filter>
    </Image>
    <Image Include="Sprites\EnemyAliensB.bmp">
      <Filter>Resource Files</Filter>
    </Image>
    <Image Include="Sprites\EnemyAliensMask.bmp">
      <Filter>Resource Files</Filter>
    </Image>
    <Image Include="Sprites\Player.bmp">
      <Filter>Resource Files</Filter>
    </Image>
    <Image Include="Sprites\PlayerMask.bmp">
      <Filter>Resource Files</Filter>
    </Image>
    <Image Include="Sprites\BulletsMask.bmp">
      <Filter>Resource Files</Filter>
    </Image>
    <Image Include="Sprites\Bullets.bmp">
      <Filter>Resource Files</Filter>
    </Image>
    <Image Include="Sprites\DeadExplosion.bmp">
      <Filter>Resource Files</Filter>
    </Image>
    <Image Include="Sprites\DeadExplosionMask.bmp">
      <Filter>Resource Files</Filter>
    </Image>
    <Image Include="Sprites\BarrierBlock.bmp">
      <Filter>Resource Files</Filter>
    </Image>
    <Image Include="Sprites\BarrierBlockMask.bmp">
      <Filter>Resource Files</Filter>
    </Image>
    <Image Include="Sprites\Life.bmp">
      <Filter>Resource Files</Filter>
    </Image>
    <Image Include="Sprites\LifeMask.bmp">
      <Filter>Resource Files</Filter>
    </Image>
    <Image Include="Sprites\Clouds.bmp">
      <Filter>Resource Files</Filter>
    </Image>
    <Image Include="Sprites\CloudsMask.bmp">
      <Filter>Resource Files</Filter>
    </Image>
    <Image Include="Sprites\Title.bmp">
      <Filter>Resource Files</Filter>
    </Image>
    <Image Include="Sprites\TitleMask.bmp">
      <Filter>Resource Files</Filter>
    </Image>
    <Image Include="Sprites\ButtonUp.bmp">
      <Filter>Resource Files</Filter>
    </Image>
    <Image Include="Sprites\ButtonUpMask.bmp">
      <Filter>Resource Files</Filter>
    </Image>
    <Image Include="Sprites\ButtonDown.bmp">
      <Filter>Resource Files</Filter>
    </Image>
    <Image Include="Sprites\ButtonDownMask.bmp">
      <Filter>Resource Files</Filter>
    </Image>
    <Image Include="Resources\GoonIcon.ico">
      <Filter>Resource Files</Filter>
    </Image>
    <Image Include="Resources\GoonIconSmall.ico">
      <Filter>Resource Files</Filter>
    </Image>
  </ItemGroup>
  <ItemGroup>
    <Text Include="Resources\HighScores.txt">
      <Filter>Resource Files</Filter>
    </Text>
  </ItemGroup>
</Project>